# This file is automatically @generated by Cargo.
# It is not intended for manual editing.
version = 4

[[package]]
name = "noprop"
version = "0.2.0"
source = "registry+https://github.com/rust-lang/crates.io-index"
checksum = "73026775e276cb339c67cdf71b2a8c067991fbe1cfbf25e17c7420afe6f829f7"

[[package]]
name = "noraft"
version = "0.7.1"
dependencies = [
 "noprop",
]
